
Microsoft Visual Studio Solution File, Format Version 12.00
# Visual Studio 2013
VisualStudioVersion = 12.0.31101.0
MinimumVisualStudioVersion = 10.0.40219.1
Project("{FAE04EC0-301F-11D3-BF4B-00C04F79EFBC}") = "NTM2", "NTM2\NTM2.csproj", "{F278510E-04AC-4C11-8CE2-7B561B822070}"
EndProject
Project("{FAE04EC0-301F-11D3-BF4B-00C04F79EFBC}") = "CopyTaskTest", "CopyTaskTest\CopyTaskTest.csproj", "{E97783CD-2A6E-474E-96D4-61F134EF4279}"
EndProject
Project("{FAE04EC0-301F-11D3-BF4B-00C04F79EFBC}") = "NGramTest", "NGramTest\NGramTest.csproj", "{A6BE51C4-1BFB-4D1D-8936-A671CD33081C}"
EndProject
Project("{FAE04EC0-301F-11D3-BF4B-00C04F79EFBC}") = "TennisTaskTest", "TennisTaskTest\TennisTaskTest.csproj", "{972F58DB-457B-451D-AADB-582D8B01F4F1}"
EndProject
Project("{2150E333-8FDC-42A3-9474-1A3956D46DE8}") = "Solution Items", "Solution Items", "{10B8259C-FE6E-4C74-82FD-40CC958D399B}"
	ProjectSection(SolutionItems) = preProject
		Performance1.psess = Performance1.psess
	EndProjectSection
EndProject
Global
	GlobalSection(SolutionConfigurationPlatforms) = preSolution
		Debug|Any CPU = Debug|Any CPU
		Release|Any CPU = Release|Any CPU
	EndGlobalSection
	GlobalSection(ProjectConfigurationPlatforms) = postSolution
		{F278510E-04AC-4C11-8CE2-7B561B822070}.Debug|Any CPU.ActiveCfg = Debug|Any CPU
		{F278510E-04AC-4C11-8CE2-7B561B822070}.Debug|Any CPU.Build.0 = Debug|Any CPU
		{F278510E-04AC-4C11-8CE2-7B561B822070}.Release|Any CPU.ActiveCfg = Release|Any CPU
		{F278510E-04AC-4C11-8CE2-7B561B822070}.Release|Any CPU.Build.0 = Release|Any CPU
		{E97783CD-2A6E-474E-96D4-61F134EF4279}.Debug|Any CPU.ActiveCfg = Debug|Any CPU
		{E97783CD-2A6E-474E-96D4-61F134EF4279}.Debug|Any CPU.Build.0 = Debug|Any CPU
		{E97783CD-2A6E-474E-96D4-61F134EF4279}.Release|Any CPU.ActiveCfg = Release|Any CPU
		{E97783CD-2A6E-474E-96D4-61F134EF4279}.Release|Any CPU.Build.0 = Release|Any CPU
		{A6BE51C4-1BFB-4D1D-8936-A671CD33081C}.Debug|Any CPU.ActiveCfg = Debug|Any CPU
		{A6BE51C4-1BFB-4D1D-8936-A671CD33081C}.Debug|Any CPU.Build.0 = Debug|Any CPU
		{A6BE51C4-1BFB-4D1D-8936-A671CD33081C}.Release|Any CPU.ActiveCfg = Release|Any CPU
		{A6BE51C4-1BFB-4D1D-8936-A671CD33081C}.Release|Any CPU.Build.0 = Release|Any CPU
		{972F58DB-457B-451D-AADB-582D8B01F4F1}.Debug|Any CPU.ActiveCfg = Debug|Any CPU
		{972F58DB-457B-451D-AADB-582D8B01F4F1}.Debug|Any CPU.Build.0 = Debug|Any CPU
		{972F58DB-457B-451D-AADB-582D8B01F4F1}.Release|Any CPU.ActiveCfg = Release|Any CPU
		{972F58DB-457B-451D-AADB-582D8B01F4F1}.Release|Any CPU.Build.0 = Release|Any CPU
	EndGlobalSection
	GlobalSection(SolutionProperties) = preSolution
		HideSolutionNode = FALSE
	EndGlobalSection
	GlobalSection(Performance) = preSolution
		HasPerformanceSessions = true
	EndGlobalSection
EndGlobal
